# THIS IS AN AUTOGENERATED FILE. DO NOT EDIT THIS FILE DIRECTLY.
# yarn lockfile v1


"@types/mithril@^1.1.17":
  version "1.1.17"
  resolved "https://registry.yarnpkg.com/@types/mithril/-/mithril-1.1.17.tgz#1a5dde2a653ef6011cd36ef70eefe6bac0cb92e4"
  integrity sha512-U/wwKZT8hjstY2Q470bLMGVh/fjT2+SgBMzIILn0Z4nmgzzG6j+n18UOAxQ63aI8vXIOkQsbkAdbESt8+jIQdQ==
