{
  "name": "mithril-toptal-demo",
  "version": "1.0.0",
  "lockfileVersion": 1,
  "requires": true,
  "dependencies": {
    "@types/mithril": {
      "version": "github:MithrilJS/mithril.d.ts#5308c5b290725517c50832c157d4e8c60abf064c",
      "from": "github:MithrilJS/mithril.d.ts#next",
      "dev": true
    }
  }
}
